
Microsoft Visual Studio Solution File, Format Version 12.00
# Visual Studio Version 17
VisualStudioVersion = 17.11.35431.28
MinimumVisualStudioVersion = 10.0.40219.1
Project("{9A19103F-16F7-4668-BE54-9A1E7A4F7556}") = "Neon.Domain", "Neon.Domain\Neon.Domain.csproj", "{B1C895B5-0587-4FCE-9D2A-05320DCE8D4C}"
EndProject
Project("{9A19103F-16F7-4668-BE54-9A1E7A4F7556}") = "Neon.Application", "Neon.Application\Neon.Application.csproj", "{F9728BD4-FB0D-434F-BA2F-BE3D0A309E60}"
EndProject
Project("{9A19103F-16F7-4668-BE54-9A1E7A4F7556}") = "Neon.Infrastructure", "Neon.Infrastructure\Neon.Infrastructure.csproj", "{171A9E09-1F2F-456A-B71D-FE3C12EC6F5E}"
EndProject
Project("{FAE04EC0-301F-11D3-BF4B-00C04F79EFBC}") = "Neon.Server", "Neon.Server\Neon.Server.csproj", "{4FA01604-8FA2-4147-8233-EF7C919ED287}"
EndProject
Project("{2150E333-8FDC-42A3-9474-1A3956D46DE8}") = "Элементы решения", "Элементы решения", "{754FC069-D67B-A9D7-50A1-8D1CA196D8F1}"
	ProjectSection(SolutionItems) = preProject
		Directory.Build.props = Directory.Build.props
	EndProjectSection
EndProject
Global
	GlobalSection(SolutionConfigurationPlatforms) = preSolution
		Debug|Any CPU = Debug|Any CPU
		Release|Any CPU = Release|Any CPU
	EndGlobalSection
	GlobalSection(ProjectConfigurationPlatforms) = postSolution
		{B1C895B5-0587-4FCE-9D2A-05320DCE8D4C}.Debug|Any CPU.ActiveCfg = Debug|Any CPU
		{B1C895B5-0587-4FCE-9D2A-05320DCE8D4C}.Debug|Any CPU.Build.0 = Debug|Any CPU
		{B1C895B5-0587-4FCE-9D2A-05320DCE8D4C}.Release|Any CPU.ActiveCfg = Release|Any CPU
		{B1C895B5-0587-4FCE-9D2A-05320DCE8D4C}.Release|Any CPU.Build.0 = Release|Any CPU
		{F9728BD4-FB0D-434F-BA2F-BE3D0A309E60}.Debug|Any CPU.ActiveCfg = Debug|Any CPU
		{F9728BD4-FB0D-434F-BA2F-BE3D0A309E60}.Debug|Any CPU.Build.0 = Debug|Any CPU
		{F9728BD4-FB0D-434F-BA2F-BE3D0A309E60}.Release|Any CPU.ActiveCfg = Release|Any CPU
		{F9728BD4-FB0D-434F-BA2F-BE3D0A309E60}.Release|Any CPU.Build.0 = Release|Any CPU
		{171A9E09-1F2F-456A-B71D-FE3C12EC6F5E}.Debug|Any CPU.ActiveCfg = Debug|Any CPU
		{171A9E09-1F2F-456A-B71D-FE3C12EC6F5E}.Debug|Any CPU.Build.0 = Debug|Any CPU
		{171A9E09-1F2F-456A-B71D-FE3C12EC6F5E}.Release|Any CPU.ActiveCfg = Release|Any CPU
		{171A9E09-1F2F-456A-B71D-FE3C12EC6F5E}.Release|Any CPU.Build.0 = Release|Any CPU
		{4FA01604-8FA2-4147-8233-EF7C919ED287}.Debug|Any CPU.ActiveCfg = Debug|Any CPU
		{4FA01604-8FA2-4147-8233-EF7C919ED287}.Debug|Any CPU.Build.0 = Debug|Any CPU
		{4FA01604-8FA2-4147-8233-EF7C919ED287}.Release|Any CPU.ActiveCfg = Release|Any CPU
		{4FA01604-8FA2-4147-8233-EF7C919ED287}.Release|Any CPU.Build.0 = Release|Any CPU
	EndGlobalSection
	GlobalSection(SolutionProperties) = preSolution
		HideSolutionNode = FALSE
	EndGlobalSection
	GlobalSection(ExtensibilityGlobals) = postSolution
		SolutionGuid = {87C936FF-FB16-4585-8BE8-6945C3559C03}
	EndGlobalSection
EndGlobal
